// !$*UTF8*$!
{
	archiveVersion = 1;
	classes = {
	};
	objectVersion = 50;
	objects = {

/* Begin PBXBuildFile section */
		352575F526BD4829005AB816 /* NES_EMUApp.swift in Sources */ = {isa = PBXBuildFile; fileRef = 352575E226BD4828005AB816 /* NES_EMUApp.swift */; };
		352575F626BD4829005AB816 /* NES_EMUApp.swift in Sources */ = {isa = PBXBuildFile; fileRef = 352575E226BD4828005AB816 /* NES_EMUApp.swift */; };
		352575F726BD4829005AB816 /* ContentView.swift in Sources */ = {isa = PBXBuildFile; fileRef = 352575E326BD4828005AB816 /* ContentView.swift */; };
		352575F826BD4829005AB816 /* ContentView.swift in Sources */ = {isa = PBXBuildFile; fileRef = 352575E326BD4828005AB816 /* ContentView.swift */; };
		352575F926BD4829005AB816 /* Assets.xcassets in Resources */ = {isa = PBXBuildFile; fileRef = 352575E426BD4829005AB816 /* Assets.xcassets */; };
		352575FA26BD4829005AB816 /* Assets.xcassets in Resources */ = {isa = PBXBuildFile; fileRef = 352575E426BD4829005AB816 /* Assets.xcassets */; };
		3525760626BD48DF005AB816 /* Cartridge.swift in Sources */ = {isa = PBXBuildFile; fileRef = 3525760526BD48DF005AB816 /* Cartridge.swift */; };
		3525760726BD48DF005AB816 /* Cartridge.swift in Sources */ = {isa = PBXBuildFile; fileRef = 3525760526BD48DF005AB816 /* Cartridge.swift */; };
		3525760B26BD4BA6005AB816 /* mario.nes in Resources */ = {isa = PBXBuildFile; fileRef = 3525760A26BD4BA6005AB816 /* mario.nes */; };
		3525760C26BD4BA6005AB816 /* mario.nes in Resources */ = {isa = PBXBuildFile; fileRef = 3525760A26BD4BA6005AB816 /* mario.nes */; };
		3525761026BD5D5B005AB816 /* RomHeader.swift in Sources */ = {isa = PBXBuildFile; fileRef = 3525760F26BD5D5B005AB816 /* RomHeader.swift */; };
		3525761126BD5D5B005AB816 /* RomHeader.swift in Sources */ = {isa = PBXBuildFile; fileRef = 3525760F26BD5D5B005AB816 /* RomHeader.swift */; };
		35265B3626C5153D0031E1A6 /* Donkey Kong (World) (Rev A).nes in Resources */ = {isa = PBXBuildFile; fileRef = 35265B3526C5153D0031E1A6 /* Donkey Kong (World) (Rev A).nes */; };
		35265B3726C5153D0031E1A6 /* Donkey Kong (World) (Rev A).nes in Resources */ = {isa = PBXBuildFile; fileRef = 35265B3526C5153D0031E1A6 /* Donkey Kong (World) (Rev A).nes */; };
		35265B3B26C5548F0031E1A6 /* Renderer.swift in Sources */ = {isa = PBXBuildFile; fileRef = 35265B3A26C5548F0031E1A6 /* Renderer.swift */; };
		35265B3C26C5548F0031E1A6 /* Renderer.swift in Sources */ = {isa = PBXBuildFile; fileRef = 35265B3A26C5548F0031E1A6 /* Renderer.swift */; };
		35265B4026C566540031E1A6 /* PpuStatusReg.swift in Sources */ = {isa = PBXBuildFile; fileRef = 35265B3F26C566540031E1A6 /* PpuStatusReg.swift */; };
		35265B4126C566540031E1A6 /* PpuStatusReg.swift in Sources */ = {isa = PBXBuildFile; fileRef = 35265B3F26C566540031E1A6 /* PpuStatusReg.swift */; };
		352F931326C18E0A00323AC1 /* Bitfield8.swift in Sources */ = {isa = PBXBuildFile; fileRef = 352F931226C18E0A00323AC1 /* Bitfield8.swift */; };
		352F931426C18E0A00323AC1 /* Bitfield8.swift in Sources */ = {isa = PBXBuildFile; fileRef = 352F931226C18E0A00323AC1 /* Bitfield8.swift */; };
		3530B85126C6DD0800A2858C /* ScreenCanvasView.swift in Sources */ = {isa = PBXBuildFile; fileRef = 3530B85026C6DD0800A2858C /* ScreenCanvasView.swift */; };
		3530B85226C6DD0800A2858C /* ScreenCanvasView.swift in Sources */ = {isa = PBXBuildFile; fileRef = 3530B85026C6DD0800A2858C /* ScreenCanvasView.swift */; };
		3530B86B26C6DF3600A2858C /* AppKit.framework in Frameworks */ = {isa = PBXBuildFile; fileRef = 3530B86A26C6DF3600A2858C /* AppKit.framework */; };
		3530B88026C7FAC400A2858C /* IPpu.swift in Sources */ = {isa = PBXBuildFile; fileRef = 3530B87F26C7FAC400A2858C /* IPpu.swift */; };
		3530B88126C7FAC400A2858C /* IPpu.swift in Sources */ = {isa = PBXBuildFile; fileRef = 3530B87F26C7FAC400A2858C /* IPpu.swift */; };
		3530B88726C7FBE600A2858C /* ICpu.swift in Sources */ = {isa = PBXBuildFile; fileRef = 3530B88626C7FBE600A2858C /* ICpu.swift */; };
		3530B88826C7FBE600A2858C /* ICpu.swift in Sources */ = {isa = PBXBuildFile; fileRef = 3530B88626C7FBE600A2858C /* ICpu.swift */; };
		3530B88E26C7FC4200A2858C /* ICartridge.swift in Sources */ = {isa = PBXBuildFile; fileRef = 3530B88D26C7FC4200A2858C /* ICartridge.swift */; };
		3530B88F26C7FC4200A2858C /* ICartridge.swift in Sources */ = {isa = PBXBuildFile; fileRef = 3530B88D26C7FC4200A2858C /* ICartridge.swift */; };
		3530B89426C7FE4B00A2858C /* OpCodeDef.swift in Sources */ = {isa = PBXBuildFile; fileRef = 3530B89326C7FE4B00A2858C /* OpCodeDef.swift */; };
		3530B89526C7FE4B00A2858C /* OpCodeDef.swift in Sources */ = {isa = PBXBuildFile; fileRef = 3530B89326C7FE4B00A2858C /* OpCodeDef.swift */; };
		3530B89D26C8006100A2858C /* CpuRegDef.swift in Sources */ = {isa = PBXBuildFile; fileRef = 3530B89C26C8006100A2858C /* CpuRegDef.swift */; };
		3530B89E26C8006100A2858C /* CpuRegDef.swift in Sources */ = {isa = PBXBuildFile; fileRef = 3530B89C26C8006100A2858C /* CpuRegDef.swift */; };
		3530FA3326BF6C8B00CF18DD /* Nes.swift in Sources */ = {isa = PBXBuildFile; fileRef = 3530FA3226BF6C8B00CF18DD /* Nes.swift */; };
		3530FA3426BF6C8B00CF18DD /* Nes.swift in Sources */ = {isa = PBXBuildFile; fileRef = 3530FA3226BF6C8B00CF18DD /* Nes.swift */; };
		3530FA3826BF6DCF00CF18DD /* Cpu.swift in Sources */ = {isa = PBXBuildFile; fileRef = 3530FA3726BF6DCF00CF18DD /* Cpu.swift */; };
		3530FA3926BF6DCF00CF18DD /* Cpu.swift in Sources */ = {isa = PBXBuildFile; fileRef = 3530FA3726BF6DCF00CF18DD /* Cpu.swift */; };
		3530FA3D26BF6E7A00CF18DD /* CpuMemoryBus.swift in Sources */ = {isa = PBXBuildFile; fileRef = 3530FA3C26BF6E7A00CF18DD /* CpuMemoryBus.swift */; };
		3530FA3E26BF6E7A00CF18DD /* CpuMemoryBus.swift in Sources */ = {isa = PBXBuildFile; fileRef = 3530FA3C26BF6E7A00CF18DD /* CpuMemoryBus.swift */; };
		3530FA4626BF70BB00CF18DD /* Ppu.swift in Sources */ = {isa = PBXBuildFile; fileRef = 3530FA4526BF70BB00CF18DD /* Ppu.swift */; };
		3530FA4726BF70BB00CF18DD /* Ppu.swift in Sources */ = {isa = PBXBuildFile; fileRef = 3530FA4526BF70BB00CF18DD /* Ppu.swift */; };
		3530FA4B26BF771500CF18DD /* CpuInternalRam.swift in Sources */ = {isa = PBXBuildFile; fileRef = 3530FA4A26BF771500CF18DD /* CpuInternalRam.swift */; };
		3530FA4C26BF771500CF18DD /* CpuInternalRam.swift in Sources */ = {isa = PBXBuildFile; fileRef = 3530FA4A26BF771500CF18DD /* CpuInternalRam.swift */; };
		3530FA5226BF7A6B00CF18DD /* OpCodeEntry.swift in Sources */ = {isa = PBXBuildFile; fileRef = 3530FA5126BF7A6B00CF18DD /* OpCodeEntry.swift */; };
		3530FA5326BF7A6B00CF18DD /* OpCodeEntry.swift in Sources */ = {isa = PBXBuildFile; fileRef = 3530FA5126BF7A6B00CF18DD /* OpCodeEntry.swift */; };
		3530FA5726BF880E00CF18DD /* Mapper.swift in Sources */ = {isa = PBXBuildFile; fileRef = 3530FA5626BF880E00CF18DD /* Mapper.swift */; };
		3530FA5826BF880E00CF18DD /* Mapper.swift in Sources */ = {isa = PBXBuildFile; fileRef = 3530FA5626BF880E00CF18DD /* Mapper.swift */; };
		3530FA5C26BFBCA900CF18DD /* Mapper1.swift in Sources */ = {isa = PBXBuildFile; fileRef = 3530FA5B26BFBCA800CF18DD /* Mapper1.swift */; };
		3530FA5D26BFBCA900CF18DD /* Mapper1.swift in Sources */ = {isa = PBXBuildFile; fileRef = 3530FA5B26BFBCA800CF18DD /* Mapper1.swift */; };
		3530FA6126C0590300CF18DD /* OpCodeTable.swift in Sources */ = {isa = PBXBuildFile; fileRef = 3530FA6026C0590300CF18DD /* OpCodeTable.swift */; };
		3530FA6226C0590300CF18DD /* OpCodeTable.swift in Sources */ = {isa = PBXBuildFile; fileRef = 3530FA6026C0590300CF18DD /* OpCodeTable.swift */; };
		353894522A6CEB7C0080B800 /* Super Mario Bros. 3 (USA).nes in Resources */ = {isa = PBXBuildFile; fileRef = 353894512A6CEB7C0080B800 /* Super Mario Bros. 3 (USA).nes */; };
		353894532A6CEB7C0080B800 /* Super Mario Bros. 3 (USA).nes in Resources */ = {isa = PBXBuildFile; fileRef = 353894512A6CEB7C0080B800 /* Super Mario Bros. 3 (USA).nes */; };
		353894552A6CEE9D0080B800 /* Ice Climber (Japan).nes in Resources */ = {isa = PBXBuildFile; fileRef = 353894542A6CEE9D0080B800 /* Ice Climber (Japan).nes */; };
		353894562A6CEE9D0080B800 /* Ice Climber (Japan).nes in Resources */ = {isa = PBXBuildFile; fileRef = 353894542A6CEE9D0080B800 /* Ice Climber (Japan).nes */; };
		353894582A6CF05F0080B800 /* Donkey Kong 3 (World).nes in Resources */ = {isa = PBXBuildFile; fileRef = 353894572A6CF05F0080B800 /* Donkey Kong 3 (World).nes */; };
		353894592A6CF05F0080B800 /* Donkey Kong 3 (World).nes in Resources */ = {isa = PBXBuildFile; fileRef = 353894572A6CF05F0080B800 /* Donkey Kong 3 (World).nes */; };
		3538945B2A6D43B30080B800 /* Donkey Kong Jr. (USA) (GameCube Edition).nes in Resources */ = {isa = PBXBuildFile; fileRef = 3538945A2A6D43B30080B800 /* Donkey Kong Jr. (USA) (GameCube Edition).nes */; };
		3538945C2A6D43B30080B800 /* Donkey Kong Jr. (USA) (GameCube Edition).nes in Resources */ = {isa = PBXBuildFile; fileRef = 3538945A2A6D43B30080B800 /* Donkey Kong Jr. (USA) (GameCube Edition).nes */; };
		3545B4E42A6D776F00C1E32E /* GameView.swift in Sources */ = {isa = PBXBuildFile; fileRef = 3545B4E32A6D776F00C1E32E /* GameView.swift */; };
		3545B4E52A6D776F00C1E32E /* GameView.swift in Sources */ = {isa = PBXBuildFile; fileRef = 3545B4E32A6D776F00C1E32E /* GameView.swift */; };
		3545B4E72A6DBE7B00C1E32E /* Super Mario Bros. (Japan, USA).nes in Resources */ = {isa = PBXBuildFile; fileRef = 3545B4E62A6DBE7B00C1E32E /* Super Mario Bros. (Japan, USA).nes */; };
		3545B4E82A6DBE7B00C1E32E /* Super Mario Bros. (Japan, USA).nes in Resources */ = {isa = PBXBuildFile; fileRef = 3545B4E62A6DBE7B00C1E32E /* Super Mario Bros. (Japan, USA).nes */; };
		3545B4EA2A6DD83200C1E32E /* Circus Charlie (J) [p1].nes in Resources */ = {isa = PBXBuildFile; fileRef = 3545B4E92A6DD83200C1E32E /* Circus Charlie (J) [p1].nes */; };
		3545B4EB2A6DD83200C1E32E /* Circus Charlie (J) [p1].nes in Resources */ = {isa = PBXBuildFile; fileRef = 3545B4E92A6DD83200C1E32E /* Circus Charlie (J) [p1].nes */; };
		3547C22826BEBDB0008DB9B9 /* BaseDef.swift in Sources */ = {isa = PBXBuildFile; fileRef = 3547C22726BEBDB0008DB9B9 /* BaseDef.swift */; };
		3547C22926BEBDB0008DB9B9 /* BaseDef.swift in Sources */ = {isa = PBXBuildFile; fileRef = 3547C22726BEBDB0008DB9B9 /* BaseDef.swift */; };
		3547C22D26BECE62008DB9B9 /* Memory.swift in Sources */ = {isa = PBXBuildFile; fileRef = 3547C22C26BECE62008DB9B9 /* Memory.swift */; };
		3547C22E26BECE62008DB9B9 /* Memory.swift in Sources */ = {isa = PBXBuildFile; fileRef = 3547C22C26BECE62008DB9B9 /* Memory.swift */; };
		358D403526C66CEB005AAAD8 /* SpriteFetchData.swift in Sources */ = {isa = PBXBuildFile; fileRef = 358D403426C66CEB005AAAD8 /* SpriteFetchData.swift */; };
		358D403626C66CEB005AAAD8 /* SpriteFetchData.swift in Sources */ = {isa = PBXBuildFile; fileRef = 358D403426C66CEB005AAAD8 /* SpriteFetchData.swift */; };
		35B9C57926C28F9A00E13D57 /* PpuControl1.swift in Sources */ = {isa = PBXBuildFile; fileRef = 35B9C57826C28F9A00E13D57 /* PpuControl1.swift */; };
		35B9C57A26C28F9A00E13D57 /* PpuControl1.swift in Sources */ = {isa = PBXBuildFile; fileRef = 35B9C57826C28F9A00E13D57 /* PpuControl1.swift */; };
		35B9C57E26C291C700E13D57 /* PpuMemory.swift in Sources */ = {isa = PBXBuildFile; fileRef = 35B9C57D26C291C700E13D57 /* PpuMemory.swift */; };
		35B9C57F26C291C700E13D57 /* PpuMemory.swift in Sources */ = {isa = PBXBuildFile; fileRef = 35B9C57D26C291C700E13D57 /* PpuMemory.swift */; };
		35B9C58326C29A5400E13D57 /* PpuMemoryBus.swift in Sources */ = {isa = PBXBuildFile; fileRef = 35B9C58226C29A5400E13D57 /* PpuMemoryBus.swift */; };
		35B9C58426C29A5400E13D57 /* PpuMemoryBus.swift in Sources */ = {isa = PBXBuildFile; fileRef = 35B9C58226C29A5400E13D57 /* PpuMemoryBus.swift */; };
		35B9C59826C3144D00E13D57 /* Donkey Kong.nes in Resources */ = {isa = PBXBuildFile; fileRef = 35B9C59726C3144D00E13D57 /* Donkey Kong.nes */; };
		35B9C59926C3144D00E13D57 /* Donkey Kong.nes in Resources */ = {isa = PBXBuildFile; fileRef = 35B9C59726C3144D00E13D57 /* Donkey Kong.nes */; };
		35B9C59D26C3167400E13D57 /* Donkey Kong (Japan).nes in Resources */ = {isa = PBXBuildFile; fileRef = 35B9C59C26C3167400E13D57 /* Donkey Kong (Japan).nes */; };
		35B9C59E26C3167400E13D57 /* Donkey Kong (Japan).nes in Resources */ = {isa = PBXBuildFile; fileRef = 35B9C59C26C3167400E13D57 /* Donkey Kong (Japan).nes */; };
		35B9C5A226C3191600E13D57 /* Mapper0.swift in Sources */ = {isa = PBXBuildFile; fileRef = 35B9C5A126C3191600E13D57 /* Mapper0.swift */; };
		35B9C5A326C3191600E13D57 /* Mapper0.swift in Sources */ = {isa = PBXBuildFile; fileRef = 35B9C5A126C3191600E13D57 /* Mapper0.swift */; };
		35DA36F926C3C10F005B2BC1 /* Color4.swift in Sources */ = {isa = PBXBuildFile; fileRef = 35DA36F826C3C10F005B2BC1 /* Color4.swift */; };
		35DA36FA26C3C10F005B2BC1 /* Color4.swift in Sources */ = {isa = PBXBuildFile; fileRef = 35DA36F826C3C10F005B2BC1 /* Color4.swift */; };
		35FF346B2A6DEF970052DFBF /* IOSGameView.swift in Sources */ = {isa = PBXBuildFile; fileRef = 35FF346A2A6DEF970052DFBF /* IOSGameView.swift */; };
		35FF346C2A6DEF970052DFBF /* IOSGameView.swift in Sources */ = {isa = PBXBuildFile; fileRef = 35FF346A2A6DEF970052DFBF /* IOSGameView.swift */; };
/* End PBXBuildFile section */

/* Begin PBXFileReference section */
		352575E226BD4828005AB816 /* NES_EMUApp.swift */ = {isa = PBXFileReference; lastKnownFileType = sourcecode.swift; path = NES_EMUApp.swift; sourceTree = "<group>"; };
		352575E326BD4828005AB816 /* ContentView.swift */ = {isa = PBXFileReference; lastKnownFileType = sourcecode.swift; path = ContentView.swift; sourceTree = "<group>"; };
		352575E426BD4829005AB816 /* Assets.xcassets */ = {isa = PBXFileReference; lastKnownFileType = folder.assetcatalog; path = Assets.xcassets; sourceTree = "<group>"; };
		352575E926BD4829005AB816 /* NES_EMU.app */ = {isa = PBXFileReference; explicitFileType = wrapper.application; includeInIndex = 0; path = NES_EMU.app; sourceTree = BUILT_PRODUCTS_DIR; };
		352575EC26BD4829005AB816 /* Info.plist */ = {isa = PBXFileReference; lastKnownFileType = text.plist.xml; path = Info.plist; sourceTree = "<group>"; };
		352575F126BD4829005AB816 /* NES_EMU.app */ = {isa = PBXFileReference; explicitFileType = wrapper.application; includeInIndex = 0; path = NES_EMU.app; sourceTree = BUILT_PRODUCTS_DIR; };
		352575F326BD4829005AB816 /* Info.plist */ = {isa = PBXFileReference; lastKnownFileType = text.plist.xml; path = Info.plist; sourceTree = "<group>"; };
		352575F426BD4829005AB816 /* macOS.entitlements */ = {isa = PBXFileReference; lastKnownFileType = text.plist.entitlements; path = macOS.entitlements; sourceTree = "<group>"; };
		3525760526BD48DF005AB816 /* Cartridge.swift */ = {isa = PBXFileReference; lastKnownFileType = sourcecode.swift; path = Cartridge.swift; sourceTree = "<group>"; };
		3525760A26BD4BA6005AB816 /* mario.nes */ = {isa = PBXFileReference; lastKnownFileType = file; path = mario.nes; sourceTree = "<group>"; };
		3525760F26BD5D5B005AB816 /* RomHeader.swift */ = {isa = PBXFileReference; lastKnownFileType = sourcecode.swift; path = RomHeader.swift; sourceTree = "<group>"; };
		35265B3526C5153D0031E1A6 /* Donkey Kong (World) (Rev A).nes */ = {isa = PBXFileReference; lastKnownFileType = file; path = "Donkey Kong (World) (Rev A).nes"; sourceTree = "<group>"; };
		35265B3A26C5548F0031E1A6 /* Renderer.swift */ = {isa = PBXFileReference; lastKnownFileType = sourcecode.swift; path = Renderer.swift; sourceTree = "<group>"; };
		35265B3F26C566540031E1A6 /* PpuStatusReg.swift */ = {isa = PBXFileReference; lastKnownFileType = sourcecode.swift; path = PpuStatusReg.swift; sourceTree = "<group>"; };
		352F931226C18E0A00323AC1 /* Bitfield8.swift */ = {isa = PBXFileReference; lastKnownFileType = sourcecode.swift; path = Bitfield8.swift; sourceTree = "<group>"; };
		3530B85026C6DD0800A2858C /* ScreenCanvasView.swift */ = {isa = PBXFileReference; lastKnownFileType = sourcecode.swift; path = ScreenCanvasView.swift; sourceTree = "<group>"; };
		3530B86A26C6DF3600A2858C /* AppKit.framework */ = {isa = PBXFileReference; lastKnownFileType = wrapper.framework; name = AppKit.framework; path = System/Library/Frameworks/AppKit.framework; sourceTree = SDKROOT; };
		3530B87F26C7FAC400A2858C /* IPpu.swift */ = {isa = PBXFileReference; lastKnownFileType = sourcecode.swift; path = IPpu.swift; sourceTree = "<group>"; };
		3530B88626C7FBE600A2858C /* ICpu.swift */ = {isa = PBXFileReference; lastKnownFileType = sourcecode.swift; path = ICpu.swift; sourceTree = "<group>"; };
		3530B88D26C7FC4200A2858C /* ICartridge.swift */ = {isa = PBXFileReference; lastKnownFileType = sourcecode.swift; path = ICartridge.swift; sourceTree = "<group>"; };
		3530B89326C7FE4B00A2858C /* OpCodeDef.swift */ = {isa = PBXFileReference; lastKnownFileType = sourcecode.swift; path = OpCodeDef.swift; sourceTree = "<group>"; };
		3530B89C26C8006100A2858C /* CpuRegDef.swift */ = {isa = PBXFileReference; lastKnownFileType = sourcecode.swift; path = CpuRegDef.swift; sourceTree = "<group>"; };
		3530FA3226BF6C8B00CF18DD /* Nes.swift */ = {isa = PBXFileReference; lastKnownFileType = sourcecode.swift; path = Nes.swift; sourceTree = "<group>"; };
		3530FA3726BF6DCF00CF18DD /* Cpu.swift */ = {isa = PBXFileReference; lastKnownFileType = sourcecode.swift; path = Cpu.swift; sourceTree = "<group>"; };
		3530FA3C26BF6E7A00CF18DD /* CpuMemoryBus.swift */ = {isa = PBXFileReference; lastKnownFileType = sourcecode.swift; path = CpuMemoryBus.swift; sourceTree = "<group>"; };
		3530FA4526BF70BB00CF18DD /* Ppu.swift */ = {isa = PBXFileReference; lastKnownFileType = sourcecode.swift; path = Ppu.swift; sourceTree = "<group>"; };
		3530FA4A26BF771500CF18DD /* CpuInternalRam.swift */ = {isa = PBXFileReference; lastKnownFileType = sourcecode.swift; path = CpuInternalRam.swift; sourceTree = "<group>"; };
		3530FA5126BF7A6B00CF18DD /* OpCodeEntry.swift */ = {isa = PBXFileReference; lastKnownFileType = sourcecode.swift; path = OpCodeEntry.swift; sourceTree = "<group>"; };
		3530FA5626BF880E00CF18DD /* Mapper.swift */ = {isa = PBXFileReference; lastKnownFileType = sourcecode.swift; path = Mapper.swift; sourceTree = "<group>"; };
		3530FA5B26BFBCA800CF18DD /* Mapper1.swift */ = {isa = PBXFileReference; lastKnownFileType = sourcecode.swift; path = Mapper1.swift; sourceTree = "<group>"; };
		3530FA6026C0590300CF18DD /* OpCodeTable.swift */ = {isa = PBXFileReference; lastKnownFileType = sourcecode.swift; path = OpCodeTable.swift; sourceTree = "<group>"; };
		353894512A6CEB7C0080B800 /* Super Mario Bros. 3 (USA).nes */ = {isa = PBXFileReference; lastKnownFileType = file; path = "Super Mario Bros. 3 (USA).nes"; sourceTree = "<group>"; };
		353894542A6CEE9D0080B800 /* Ice Climber (Japan).nes */ = {isa = PBXFileReference; lastKnownFileType = file; path = "Ice Climber (Japan).nes"; sourceTree = "<group>"; };
		353894572A6CF05F0080B800 /* Donkey Kong 3 (World).nes */ = {isa = PBXFileReference; lastKnownFileType = file; path = "Donkey Kong 3 (World).nes"; sourceTree = "<group>"; };
		3538945A2A6D43B30080B800 /* Donkey Kong Jr. (USA) (GameCube Edition).nes */ = {isa = PBXFileReference; lastKnownFileType = file; path = "Donkey Kong Jr. (USA) (GameCube Edition).nes"; sourceTree = "<group>"; };
		3545B4E32A6D776F00C1E32E /* GameView.swift */ = {isa = PBXFileReference; lastKnownFileType = sourcecode.swift; path = GameView.swift; sourceTree = "<group>"; };
		3545B4E62A6DBE7B00C1E32E /* Super Mario Bros. (Japan, USA).nes */ = {isa = PBXFileReference; lastKnownFileType = file; path = "Super Mario Bros. (Japan, USA).nes"; sourceTree = "<group>"; };
		3545B4E92A6DD83200C1E32E /* Circus Charlie (J) [p1].nes */ = {isa = PBXFileReference; lastKnownFileType = file; path = "Circus Charlie (J) [p1].nes"; sourceTree = "<group>"; };
		3547C22726BEBDB0008DB9B9 /* BaseDef.swift */ = {isa = PBXFileReference; lastKnownFileType = sourcecode.swift; path = BaseDef.swift; sourceTree = "<group>"; };
		3547C22C26BECE62008DB9B9 /* Memory.swift */ = {isa = PBXFileReference; lastKnownFileType = sourcecode.swift; path = Memory.swift; sourceTree = "<group>"; };
		358D403426C66CEB005AAAD8 /* SpriteFetchData.swift */ = {isa = PBXFileReference; lastKnownFileType = sourcecode.swift; path = SpriteFetchData.swift; sourceTree = "<group>"; };
		35B9C57826C28F9A00E13D57 /* PpuControl1.swift */ = {isa = PBXFileReference; lastKnownFileType = sourcecode.swift; path = PpuControl1.swift; sourceTree = "<group>"; };
		35B9C57D26C291C700E13D57 /* PpuMemory.swift */ = {isa = PBXFileReference; lastKnownFileType = sourcecode.swift; path = PpuMemory.swift; sourceTree = "<group>"; };
		35B9C58226C29A5400E13D57 /* PpuMemoryBus.swift */ = {isa = PBXFileReference; lastKnownFileType = sourcecode.swift; path = PpuMemoryBus.swift; sourceTree = "<group>"; };
		35B9C59726C3144D00E13D57 /* Donkey Kong.nes */ = {isa = PBXFileReference; lastKnownFileType = file; path = "Donkey Kong.nes"; sourceTree = "<group>"; };
		35B9C59C26C3167400E13D57 /* Donkey Kong (Japan).nes */ = {isa = PBXFileReference; lastKnownFileType = file; path = "Donkey Kong (Japan).nes"; sourceTree = "<group>"; };
		35B9C5A126C3191600E13D57 /* Mapper0.swift */ = {isa = PBXFileReference; lastKnownFileType = sourcecode.swift; path = Mapper0.swift; sourceTree = "<group>"; };
		35DA36F826C3C10F005B2BC1 /* Color4.swift */ = {isa = PBXFileReference; lastKnownFileType = sourcecode.swift; path = Color4.swift; sourceTree = "<group>"; };
		35FF346A2A6DEF970052DFBF /* IOSGameView.swift */ = {isa = PBXFileReference; lastKnownFileType = sourcecode.swift; path = IOSGameView.swift; sourceTree = "<group>"; };
/* End PBXFileReference section */

/* Begin PBXFrameworksBuildPhase section */
		352575E626BD4829005AB816 /* Frameworks */ = {
			isa = PBXFrameworksBuildPhase;
			buildActionMask = 2147483647;
			files = (
			);
			runOnlyForDeploymentPostprocessing = 0;
		};
		352575EE26BD4829005AB816 /* Frameworks */ = {
			isa = PBXFrameworksBuildPhase;
			buildActionMask = 2147483647;
			files = (
				3530B86B26C6DF3600A2858C /* AppKit.framework in Frameworks */,
			);
			runOnlyForDeploymentPostprocessing = 0;
		};
/* End PBXFrameworksBuildPhase section */

/* Begin PBXGroup section */
		35111F6D26C38E5A00E8D773 /* Mapper */ = {
			isa = PBXGroup;
			children = (
				3530FA5626BF880E00CF18DD /* Mapper.swift */,
				35B9C5A126C3191600E13D57 /* Mapper0.swift */,
				3530FA5B26BFBCA800CF18DD /* Mapper1.swift */,
			);
			path = Mapper;
			sourceTree = "<group>";
		};
		352575DC26BD4827005AB816 = {
			isa = PBXGroup;
			children = (
				3545B4E92A6DD83200C1E32E /* Circus Charlie (J) [p1].nes */,
				35265B3526C5153D0031E1A6 /* Donkey Kong (World) (Rev A).nes */,
				35B9C59C26C3167400E13D57 /* Donkey Kong (Japan).nes */,
				3545B4E62A6DBE7B00C1E32E /* Super Mario Bros. (Japan, USA).nes */,
				3538945A2A6D43B30080B800 /* Donkey Kong Jr. (USA) (GameCube Edition).nes */,
				353894512A6CEB7C0080B800 /* Super Mario Bros. 3 (USA).nes */,
				353894572A6CF05F0080B800 /* Donkey Kong 3 (World).nes */,
				353894542A6CEE9D0080B800 /* Ice Climber (Japan).nes */,
				35B9C59726C3144D00E13D57 /* Donkey Kong.nes */,
				3525760A26BD4BA6005AB816 /* mario.nes */,
				352575E126BD4828005AB816 /* Shared */,
				352575EB26BD4829005AB816 /* iOS */,
				352575F226BD4829005AB816 /* macOS */,
				352575EA26BD4829005AB816 /* Products */,
				3530B86926C6DF3600A2858C /* Frameworks */,
			);
			sourceTree = "<group>";
		};
		352575E126BD4828005AB816 /* Shared */ = {
			isa = PBXGroup;
			children = (
				3530B85626C6DD2E00A2858C /* NES */,
				3530B85526C6DD1200A2858C /* UI */,
				352575E226BD4828005AB816 /* NES_EMUApp.swift */,
				352575E426BD4829005AB816 /* Assets.xcassets */,
			);
			path = Shared;
			sourceTree = "<group>";
		};
		352575EA26BD4829005AB816 /* Products */ = {
			isa = PBXGroup;
			children = (
				352575E926BD4829005AB816 /* NES_EMU.app */,
				352575F126BD4829005AB816 /* NES_EMU.app */,
			);
			name = Products;
			sourceTree = "<group>";
		};
		352575EB26BD4829005AB816 /* iOS */ = {
			isa = PBXGroup;
			children = (
				352575EC26BD4829005AB816 /* Info.plist */,
			);
			path = iOS;
			sourceTree = "<group>";
		};
		352575F226BD4829005AB816 /* macOS */ = {
			isa = PBXGroup;
			children = (
				352575F326BD4829005AB816 /* Info.plist */,
				352575F426BD4829005AB816 /* macOS.entitlements */,
			);
			path = macOS;
			sourceTree = "<group>";
		};
		3530B85526C6DD1200A2858C /* UI */ = {
			isa = PBXGroup;
			children = (
				352575E326BD4828005AB816 /* ContentView.swift */,
				3530B85026C6DD0800A2858C /* ScreenCanvasView.swift */,
				3545B4E32A6D776F00C1E32E /* GameView.swift */,
				35FF346A2A6DEF970052DFBF /* IOSGameView.swift */,
			);
			path = UI;
			sourceTree = "<group>";
		};
		3530B85626C6DD2E00A2858C /* NES */ = {
			isa = PBXGroup;
			children = (
				3530B87826C7F52000A2858C /* Common */,
				3530B87526C7F4E800A2858C /* Render */,
				3530B87226C7F4D200A2858C /* Cartridge */,
				3530B86F26C7F4AF00A2858C /* CPU */,
				3530B86E26C7F41600A2858C /* PPU */,
				3530FA3226BF6C8B00CF18DD /* Nes.swift */,
			);
			path = NES;
			sourceTree = "<group>";
		};
		3530B86926C6DF3600A2858C /* Frameworks */ = {
			isa = PBXGroup;
			children = (
				3530B86A26C6DF3600A2858C /* AppKit.framework */,
			);
			name = Frameworks;
			sourceTree = "<group>";
		};
		3530B86E26C7F41600A2858C /* PPU */ = {
			isa = PBXGroup;
			children = (
				3530FA4526BF70BB00CF18DD /* Ppu.swift */,
				35B9C57826C28F9A00E13D57 /* PpuControl1.swift */,
				35B9C57D26C291C700E13D57 /* PpuMemory.swift */,
				35B9C58226C29A5400E13D57 /* PpuMemoryBus.swift */,
				35265B3F26C566540031E1A6 /* PpuStatusReg.swift */,
				3530B87F26C7FAC400A2858C /* IPpu.swift */,
			);
			path = PPU;
			sourceTree = "<group>";
		};
		3530B86F26C7F4AF00A2858C /* CPU */ = {
			isa = PBXGroup;
			children = (
				3530B89226C7FE3F00A2858C /* Define */,
				358D403426C66CEB005AAAD8 /* SpriteFetchData.swift */,
				3530FA3726BF6DCF00CF18DD /* Cpu.swift */,
				3530FA3C26BF6E7A00CF18DD /* CpuMemoryBus.swift */,
				3530FA4A26BF771500CF18DD /* CpuInternalRam.swift */,
				3530FA5126BF7A6B00CF18DD /* OpCodeEntry.swift */,
				3530FA6026C0590300CF18DD /* OpCodeTable.swift */,
				3530B88626C7FBE600A2858C /* ICpu.swift */,
			);
			path = CPU;
			sourceTree = "<group>";
		};
		3530B87226C7F4D200A2858C /* Cartridge */ = {
			isa = PBXGroup;
			children = (
				35111F6D26C38E5A00E8D773 /* Mapper */,
				3525760526BD48DF005AB816 /* Cartridge.swift */,
				3525760F26BD5D5B005AB816 /* RomHeader.swift */,
				3530B88D26C7FC4200A2858C /* ICartridge.swift */,
			);
			path = Cartridge;
			sourceTree = "<group>";
		};
		3530B87526C7F4E800A2858C /* Render */ = {
			isa = PBXGroup;
			children = (
				35265B3A26C5548F0031E1A6 /* Renderer.swift */,
			);
			path = Render;
			sourceTree = "<group>";
		};
		3530B87826C7F52000A2858C /* Common */ = {
			isa = PBXGroup;
			children = (
				3547C22726BEBDB0008DB9B9 /* BaseDef.swift */,
				3547C22C26BECE62008DB9B9 /* Memory.swift */,
				352F931226C18E0A00323AC1 /* Bitfield8.swift */,
				35DA36F826C3C10F005B2BC1 /* Color4.swift */,
			);
			path = Common;
			sourceTree = "<group>";
		};
		3530B89226C7FE3F00A2858C /* Define */ = {
			isa = PBXGroup;
			children = (
				3530B89326C7FE4B00A2858C /* OpCodeDef.swift */,
				3530B89C26C8006100A2858C /* CpuRegDef.swift */,
			);
			path = Define;
			sourceTree = "<group>";
		};
/* End PBXGroup section */

/* Begin PBXNativeTarget section */
		352575E826BD4829005AB816 /* NES_EMU (iOS) */ = {
			isa = PBXNativeTarget;
			buildConfigurationList = 352575FD26BD4829005AB816 /* Build configuration list for PBXNativeTarget "NES_EMU (iOS)" */;
			buildPhases = (
				352575E526BD4829005AB816 /* Sources */,
				352575E626BD4829005AB816 /* Frameworks */,
				352575E726BD4829005AB816 /* Resources */,
			);
			buildRules = (
			);
			dependencies = (
			);
			name = "NES_EMU (iOS)";
			productName = "NES_EMU (iOS)";
			productReference = 352575E926BD4829005AB816 /* NES_EMU.app */;
			productType = "com.apple.product-type.application";
		};
		352575F026BD4829005AB816 /* NES_EMU (macOS) */ = {
			isa = PBXNativeTarget;
			buildConfigurationList = 3525760026BD4829005AB816 /* Build configuration list for PBXNativeTarget "NES_EMU (macOS)" */;
			buildPhases = (
				352575ED26BD4829005AB816 /* Sources */,
				352575EE26BD4829005AB816 /* Frameworks */,
				352575EF26BD4829005AB816 /* Resources */,
			);
			buildRules = (
			);
			dependencies = (
			);
			name = "NES_EMU (macOS)";
			productName = "NES_EMU (macOS)";
			productReference = 352575F126BD4829005AB816 /* NES_EMU.app */;
			productType = "com.apple.product-type.application";
		};
/* End PBXNativeTarget section */

/* Begin PBXProject section */
		352575DD26BD4827005AB816 /* Project object */ = {
			isa = PBXProject;
			attributes = {
				LastSwiftUpdateCheck = 1230;
				LastUpgradeCheck = 1320;
				TargetAttributes = {
					352575E826BD4829005AB816 = {
						CreatedOnToolsVersion = 12.3;
					};
					352575F026BD4829005AB816 = {
						CreatedOnToolsVersion = 12.3;
					};
				};
			};
			buildConfigurationList = 352575E026BD4827005AB816 /* Build configuration list for PBXProject "NES_EMU" */;
			compatibilityVersion = "Xcode 9.3";
			developmentRegion = en;
			hasScannedForEncodings = 0;
			knownRegions = (
				en,
				Base,
			);
			mainGroup = 352575DC26BD4827005AB816;
			productRefGroup = 352575EA26BD4829005AB816 /* Products */;
			projectDirPath = "";
			projectRoot = "";
			targets = (
				352575E826BD4829005AB816 /* NES_EMU (iOS) */,
				352575F026BD4829005AB816 /* NES_EMU (macOS) */,
			);
		};
/* End PBXProject section */

/* Begin PBXResourcesBuildPhase section */
		352575E726BD4829005AB816 /* Resources */ = {
			isa = PBXResourcesBuildPhase;
			buildActionMask = 2147483647;
			files = (
				3545B4EA2A6DD83200C1E32E /* Circus Charlie (J) [p1].nes in Resources */,
				35B9C59826C3144D00E13D57 /* Donkey Kong.nes in Resources */,
				352575F926BD4829005AB816 /* Assets.xcassets in Resources */,
				353894582A6CF05F0080B800 /* Donkey Kong 3 (World).nes in Resources */,
				35265B3626C5153D0031E1A6 /* Donkey Kong (World) (Rev A).nes in Resources */,
				3525760B26BD4BA6005AB816 /* mario.nes in Resources */,
				35B9C59D26C3167400E13D57 /* Donkey Kong (Japan).nes in Resources */,
				3538945B2A6D43B30080B800 /* Donkey Kong Jr. (USA) (GameCube Edition).nes in Resources */,
				3545B4E72A6DBE7B00C1E32E /* Super Mario Bros. (Japan, USA).nes in Resources */,
				353894522A6CEB7C0080B800 /* Super Mario Bros. 3 (USA).nes in Resources */,
				353894552A6CEE9D0080B800 /* Ice Climber (Japan).nes in Resources */,
			);
			runOnlyForDeploymentPostprocessing = 0;
		};
		352575EF26BD4829005AB816 /* Resources */ = {
			isa = PBXResourcesBuildPhase;
			buildActionMask = 2147483647;
			files = (
				3545B4EB2A6DD83200C1E32E /* Circus Charlie (J) [p1].nes in Resources */,
				35B9C59926C3144D00E13D57 /* Donkey Kong.nes in Resources */,
				352575FA26BD4829005AB816 /* Assets.xcassets in Resources */,
				353894592A6CF05F0080B800 /* Donkey Kong 3 (World).nes in Resources */,
				35265B3726C5153D0031E1A6 /* Donkey Kong (World) (Rev A).nes in Resources */,
				3525760C26BD4BA6005AB816 /* mario.nes in Resources */,
				35B9C59E26C3167400E13D57 /* Donkey Kong (Japan).nes in Resources */,
				3538945C2A6D43B30080B800 /* Donkey Kong Jr. (USA) (GameCube Edition).nes in Resources */,
				3545B4E82A6DBE7B00C1E32E /* Super Mario Bros. (Japan, USA).nes in Resources */,
				353894532A6CEB7C0080B800 /* Super Mario Bros. 3 (USA).nes in Resources */,
				353894562A6CEE9D0080B800 /* Ice Climber (Japan).nes in Resources */,
			);
			runOnlyForDeploymentPostprocessing = 0;
		};
/* End PBXResourcesBuildPhase section */

/* Begin PBXSourcesBuildPhase section */
		352575E526BD4829005AB816 /* Sources */ = {
			isa = PBXSourcesBuildPhase;
			buildActionMask = 2147483647;
			files = (
				3530FA5226BF7A6B00CF18DD /* OpCodeEntry.swift in Sources */,
				3547C22D26BECE62008DB9B9 /* Memory.swift in Sources */,
				3530B88026C7FAC400A2858C /* IPpu.swift in Sources */,
				3530B89D26C8006100A2858C /* CpuRegDef.swift in Sources */,
				3530FA3326BF6C8B00CF18DD /* Nes.swift in Sources */,
				35B9C57926C28F9A00E13D57 /* PpuControl1.swift in Sources */,
				352575F726BD4829005AB816 /* ContentView.swift in Sources */,
				3547C22826BEBDB0008DB9B9 /* BaseDef.swift in Sources */,
				35265B4026C566540031E1A6 /* PpuStatusReg.swift in Sources */,
				3530FA3826BF6DCF00CF18DD /* Cpu.swift in Sources */,
				3530B88E26C7FC4200A2858C /* ICartridge.swift in Sources */,
				3530B88726C7FBE600A2858C /* ICpu.swift in Sources */,
				35FF346B2A6DEF970052DFBF /* IOSGameView.swift in Sources */,
				35DA36F926C3C10F005B2BC1 /* Color4.swift in Sources */,
				3530FA5C26BFBCA900CF18DD /* Mapper1.swift in Sources */,
				358D403526C66CEB005AAAD8 /* SpriteFetchData.swift in Sources */,
				35B9C57E26C291C700E13D57 /* PpuMemory.swift in Sources */,
				3530FA5726BF880E00CF18DD /* Mapper.swift in Sources */,
				3530B89426C7FE4B00A2858C /* OpCodeDef.swift in Sources */,
				3530FA6126C0590300CF18DD /* OpCodeTable.swift in Sources */,
				3530FA4626BF70BB00CF18DD /* Ppu.swift in Sources */,
				3530FA3D26BF6E7A00CF18DD /* CpuMemoryBus.swift in Sources */,
				35265B3B26C5548F0031E1A6 /* Renderer.swift in Sources */,
				352F931326C18E0A00323AC1 /* Bitfield8.swift in Sources */,
				3525761026BD5D5B005AB816 /* RomHeader.swift in Sources */,
				352575F526BD4829005AB816 /* NES_EMUApp.swift in Sources */,
				3530B85126C6DD0800A2858C /* ScreenCanvasView.swift in Sources */,
				3545B4E42A6D776F00C1E32E /* GameView.swift in Sources */,
				3530FA4B26BF771500CF18DD /* CpuInternalRam.swift in Sources */,
				35B9C5A226C3191600E13D57 /* Mapper0.swift in Sources */,
				3525760626BD48DF005AB816 /* Cartridge.swift in Sources */,
				35B9C58326C29A5400E13D57 /* PpuMemoryBus.swift in Sources */,
			);
			runOnlyForDeploymentPostprocessing = 0;
		};
		352575ED26BD4829005AB816 /* Sources */ = {
			isa = PBXSourcesBuildPhase;
			buildActionMask = 2147483647;
			files = (
				3530FA5326BF7A6B00CF18DD /* OpCodeEntry.swift in Sources */,
				3547C22E26BECE62008DB9B9 /* Memory.swift in Sources */,
				3530B88126C7FAC400A2858C /* IPpu.swift in Sources */,
				3530B89E26C8006100A2858C /* CpuRegDef.swift in Sources */,
				3530FA3426BF6C8B00CF18DD /* Nes.swift in Sources */,
				35B9C57A26C28F9A00E13D57 /* PpuControl1.swift in Sources */,
				352575F826BD4829005AB816 /* ContentView.swift in Sources */,
				3547C22926BEBDB0008DB9B9 /* BaseDef.swift in Sources */,
				35265B4126C566540031E1A6 /* PpuStatusReg.swift in Sources */,
				3530FA3926BF6DCF00CF18DD /* Cpu.swift in Sources */,
				3530B88F26C7FC4200A2858C /* ICartridge.swift in Sources */,
				3530B88826C7FBE600A2858C /* ICpu.swift in Sources */,
				35FF346C2A6DEF970052DFBF /* IOSGameView.swift in Sources */,
				35DA36FA26C3C10F005B2BC1 /* Color4.swift in Sources */,
				3530FA5D26BFBCA900CF18DD /* Mapper1.swift in Sources */,
				358D403626C66CEB005AAAD8 /* SpriteFetchData.swift in Sources */,
				35B9C57F26C291C700E13D57 /* PpuMemory.swift in Sources */,
				3530FA5826BF880E00CF18DD /* Mapper.swift in Sources */,
				3530B89526C7FE4B00A2858C /* OpCodeDef.swift in Sources */,
				3530FA6226C0590300CF18DD /* OpCodeTable.swift in Sources */,
				3530FA4726BF70BB00CF18DD /* Ppu.swift in Sources */,
				3530FA3E26BF6E7A00CF18DD /* CpuMemoryBus.swift in Sources */,
				35265B3C26C5548F0031E1A6 /* Renderer.swift in Sources */,
				352F931426C18E0A00323AC1 /* Bitfield8.swift in Sources */,
				3525761126BD5D5B005AB816 /* RomHeader.swift in Sources */,
				352575F626BD4829005AB816 /* NES_EMUApp.swift in Sources */,
				3530B85226C6DD0800A2858C /* ScreenCanvasView.swift in Sources */,
				3545B4E52A6D776F00C1E32E /* GameView.swift in Sources */,
				3530FA4C26BF771500CF18DD /* CpuInternalRam.swift in Sources */,
				35B9C5A326C3191600E13D57 /* Mapper0.swift in Sources */,
				3525760726BD48DF005AB816 /* Cartridge.swift in Sources */,
				35B9C58426C29A5400E13D57 /* PpuMemoryBus.swift in Sources */,
			);
			runOnlyForDeploymentPostprocessing = 0;
		};
/* End PBXSourcesBuildPhase section */

/* Begin XCBuildConfiguration section */
		352575FB26BD4829005AB816 /* Debug */ = {
			isa = XCBuildConfiguration;
			buildSettings = {
				ALWAYS_SEARCH_USER_PATHS = NO;
				CLANG_ANALYZER_NONNULL = YES;
				CLANG_ANALYZER_NUMBER_OBJECT_CONVERSION = YES_AGGRESSIVE;
				CLANG_CXX_LANGUAGE_STANDARD = "gnu++14";
				CLANG_CXX_LIBRARY = "libc++";
				CLANG_ENABLE_MODULES = YES;
				CLANG_ENABLE_OBJC_ARC = YES;
				CLANG_ENABLE_OBJC_WEAK = YES;
				CLANG_WARN_BLOCK_CAPTURE_AUTORELEASING = YES;
				CLANG_WARN_BOOL_CONVERSION = YES;
				CLANG_WARN_COMMA = YES;
				CLANG_WARN_CONSTANT_CONVERSION = YES;
				CLANG_WARN_DEPRECATED_OBJC_IMPLEMENTATIONS = YES;
				CLANG_WARN_DIRECT_OBJC_ISA_USAGE = YES_ERROR;
				CLANG_WARN_DOCUMENTATION_COMMENTS = YES;
				CLANG_WARN_EMPTY_BODY = YES;
				CLANG_WARN_ENUM_CONVERSION = YES;
				CLANG_WARN_INFINITE_RECURSION = YES;
				CLANG_WARN_INT_CONVERSION = YES;
				CLANG_WARN_NON_LITERAL_NULL_CONVERSION = YES;
				CLANG_WARN_OBJC_IMPLICIT_RETAIN_SELF = YES;
				CLANG_WARN_OBJC_LITERAL_CONVERSION = YES;
				CLANG_WARN_OBJC_ROOT_CLASS = YES_ERROR;
				CLANG_WARN_QUOTED_INCLUDE_IN_FRAMEWORK_HEADER = YES;
				CLANG_WARN_RANGE_LOOP_ANALYSIS = YES;
				CLANG_WARN_STRICT_PROTOTYPES = YES;
				CLANG_WARN_SUSPICIOUS_MOVE = YES;
				CLANG_WARN_UNGUARDED_AVAILABILITY = YES_AGGRESSIVE;
				CLANG_WARN_UNREACHABLE_CODE = YES;
				CLANG_WARN__DUPLICATE_METHOD_MATCH = YES;
				COPY_PHASE_STRIP = NO;
				DEBUG_INFORMATION_FORMAT = dwarf;
				ENABLE_STRICT_OBJC_MSGSEND = YES;
				ENABLE_TESTABILITY = YES;
				GCC_C_LANGUAGE_STANDARD = gnu11;
				GCC_DYNAMIC_NO_PIC = NO;
				GCC_NO_COMMON_BLOCKS = YES;
				GCC_OPTIMIZATION_LEVEL = 0;
				GCC_PREPROCESSOR_DEFINITIONS = (
					"DEBUG=1",
					"$(inherited)",
				);
				GCC_WARN_64_TO_32_BIT_CONVERSION = YES;
				GCC_WARN_ABOUT_RETURN_TYPE = YES_ERROR;
				GCC_WARN_UNDECLARED_SELECTOR = YES;
				GCC_WARN_UNINITIALIZED_AUTOS = YES_AGGRESSIVE;
				GCC_WARN_UNUSED_FUNCTION = YES;
				GCC_WARN_UNUSED_VARIABLE = YES;
				MTL_ENABLE_DEBUG_INFO = INCLUDE_SOURCE;
				MTL_FAST_MATH = YES;
				ONLY_ACTIVE_ARCH = YES;
				SWIFT_ACTIVE_COMPILATION_CONDITIONS = DEBUG;
				SWIFT_OPTIMIZATION_LEVEL = "-Onone";
			};
			name = Debug;
		};
		352575FC26BD4829005AB816 /* Release */ = {
			isa = XCBuildConfiguration;
			buildSettings = {
				ALWAYS_SEARCH_USER_PATHS = NO;
				CLANG_ANALYZER_NONNULL = YES;
				CLANG_ANALYZER_NUMBER_OBJECT_CONVERSION = YES_AGGRESSIVE;
				CLANG_CXX_LANGUAGE_STANDARD = "gnu++14";
				CLANG_CXX_LIBRARY = "libc++";
				CLANG_ENABLE_MODULES = YES;
				CLANG_ENABLE_OBJC_ARC = YES;
				CLANG_ENABLE_OBJC_WEAK = YES;
				CLANG_WARN_BLOCK_CAPTURE_AUTORELEASING = YES;
				CLANG_WARN_BOOL_CONVERSION = YES;
				CLANG_WARN_COMMA = YES;
				CLANG_WARN_CONSTANT_CONVERSION = YES;
				CLANG_WARN_DEPRECATED_OBJC_IMPLEMENTATIONS = YES;
				CLANG_WARN_DIRECT_OBJC_ISA_USAGE = YES_ERROR;
				CLANG_WARN_DOCUMENTATION_COMMENTS = YES;
				CLANG_WARN_EMPTY_BODY = YES;
				CLANG_WARN_ENUM_CONVERSION = YES;
				CLANG_WARN_INFINITE_RECURSION = YES;
				CLANG_WARN_INT_CONVERSION = YES;
				CLANG_WARN_NON_LITERAL_NULL_CONVERSION = YES;
				CLANG_WARN_OBJC_IMPLICIT_RETAIN_SELF = YES;
				CLANG_WARN_OBJC_LITERAL_CONVERSION = YES;
				CLANG_WARN_OBJC_ROOT_CLASS = YES_ERROR;
				CLANG_WARN_QUOTED_INCLUDE_IN_FRAMEWORK_HEADER = YES;
				CLANG_WARN_RANGE_LOOP_ANALYSIS = YES;
				CLANG_WARN_STRICT_PROTOTYPES = YES;
				CLANG_WARN_SUSPICIOUS_MOVE = YES;
				CLANG_WARN_UNGUARDED_AVAILABILITY = YES_AGGRESSIVE;
				CLANG_WARN_UNREACHABLE_CODE = YES;
				CLANG_WARN__DUPLICATE_METHOD_MATCH = YES;
				COPY_PHASE_STRIP = NO;
				DEBUG_INFORMATION_FORMAT = "dwarf-with-dsym";
				ENABLE_NS_ASSERTIONS = NO;
				ENABLE_STRICT_OBJC_MSGSEND = YES;
				GCC_C_LANGUAGE_STANDARD = gnu11;
				GCC_NO_COMMON_BLOCKS = YES;
				GCC_WARN_64_TO_32_BIT_CONVERSION = YES;
				GCC_WARN_ABOUT_RETURN_TYPE = YES_ERROR;
				GCC_WARN_UNDECLARED_SELECTOR = YES;
				GCC_WARN_UNINITIALIZED_AUTOS = YES_AGGRESSIVE;
				GCC_WARN_UNUSED_FUNCTION = YES;
				GCC_WARN_UNUSED_VARIABLE = YES;
				MTL_ENABLE_DEBUG_INFO = NO;
				MTL_FAST_MATH = YES;
				SWIFT_COMPILATION_MODE = wholemodule;
				SWIFT_OPTIMIZATION_LEVEL = "-O";
			};
			name = Release;
		};
		352575FE26BD4829005AB816 /* Debug */ = {
			isa = XCBuildConfiguration;
			buildSettings = {
				ASSETCATALOG_COMPILER_APPICON_NAME = AppIcon;
				ASSETCATALOG_COMPILER_GLOBAL_ACCENT_COLOR_NAME = AccentColor;
				CODE_SIGN_STYLE = Automatic;
				DEVELOPMENT_TEAM = 82Q375NBS9;
				ENABLE_PREVIEWS = YES;
				INFOPLIST_FILE = iOS/Info.plist;
				IPHONEOS_DEPLOYMENT_TARGET = 14.0;
				LD_RUNPATH_SEARCH_PATHS = (
					"$(inherited)",
					"@executable_path/Frameworks",
				);
				PRODUCT_BUNDLE_IDENTIFIER = "com.mio.NES-EMU";
				PRODUCT_NAME = NES_EMU;
				SDKROOT = iphoneos;
				SWIFT_VERSION = 5.0;
				TARGETED_DEVICE_FAMILY = "1,2";
			};
			name = Debug;
		};
		352575FF26BD4829005AB816 /* Release */ = {
			isa = XCBuildConfiguration;
			buildSettings = {
				ASSETCATALOG_COMPILER_APPICON_NAME = AppIcon;
				ASSETCATALOG_COMPILER_GLOBAL_ACCENT_COLOR_NAME = AccentColor;
				CODE_SIGN_STYLE = Automatic;
				DEVELOPMENT_TEAM = 82Q375NBS9;
				ENABLE_PREVIEWS = YES;
				INFOPLIST_FILE = iOS/Info.plist;
				IPHONEOS_DEPLOYMENT_TARGET = 14.0;
				LD_RUNPATH_SEARCH_PATHS = (
					"$(inherited)",
					"@executable_path/Frameworks",
				);
				PRODUCT_BUNDLE_IDENTIFIER = "com.mio.NES-EMU";
				PRODUCT_NAME = NES_EMU;
				SDKROOT = iphoneos;
				SWIFT_VERSION = 5.0;
				TARGETED_DEVICE_FAMILY = "1,2";
				VALIDATE_PRODUCT = YES;
			};
			name = Release;
		};
		3525760126BD4829005AB816 /* Debug */ = {
			isa = XCBuildConfiguration;
			buildSettings = {
				ASSETCATALOG_COMPILER_APPICON_NAME = AppIcon;
				ASSETCATALOG_COMPILER_GLOBAL_ACCENT_COLOR_NAME = AccentColor;
				CODE_SIGN_ENTITLEMENTS = macOS/macOS.entitlements;
				CODE_SIGN_IDENTITY = "-";
				CODE_SIGN_STYLE = Automatic;
				COMBINE_HIDPI_IMAGES = YES;
				DEVELOPMENT_TEAM = 82Q375NBS9;
				ENABLE_HARDENED_RUNTIME = YES;
				ENABLE_PREVIEWS = YES;
				INFOPLIST_FILE = macOS/Info.plist;
				LD_RUNPATH_SEARCH_PATHS = (
					"$(inherited)",
					"@executable_path/../Frameworks",
				);
				MACOSX_DEPLOYMENT_TARGET = 11.0;
				PRODUCT_BUNDLE_IDENTIFIER = "com.mio.NES-EMU";
				PRODUCT_NAME = NES_EMU;
				SDKROOT = macosx;
				SWIFT_VERSION = 5.0;
			};
			name = Debug;
		};
		3525760226BD4829005AB816 /* Release */ = {
			isa = XCBuildConfiguration;
			buildSettings = {
				ASSETCATALOG_COMPILER_APPICON_NAME = AppIcon;
				ASSETCATALOG_COMPILER_GLOBAL_ACCENT_COLOR_NAME = AccentColor;
				CODE_SIGN_ENTITLEMENTS = macOS/macOS.entitlements;
				CODE_SIGN_IDENTITY = "-";
				CODE_SIGN_STYLE = Automatic;
				COMBINE_HIDPI_IMAGES = YES;
				DEVELOPMENT_TEAM = 82Q375NBS9;
				ENABLE_HARDENED_RUNTIME = YES;
				ENABLE_PREVIEWS = YES;
				INFOPLIST_FILE = macOS/Info.plist;
				LD_RUNPATH_SEARCH_PATHS = (
					"$(inherited)",
					"@executable_path/../Frameworks",
				);
				MACOSX_DEPLOYMENT_TARGET = 11.0;
				PRODUCT_BUNDLE_IDENTIFIER = "com.mio.NES-EMU";
				PRODUCT_NAME = NES_EMU;
				SDKROOT = macosx;
				SWIFT_VERSION = 5.0;
			};
			name = Release;
		};
/* End XCBuildConfiguration section */

/* Begin XCConfigurationList section */
		352575E026BD4827005AB816 /* Build configuration list for PBXProject "NES_EMU" */ = {
			isa = XCConfigurationList;
			buildConfigurations = (
				352575FB26BD4829005AB816 /* Debug */,
				352575FC26BD4829005AB816 /* Release */,
			);
			defaultConfigurationIsVisible = 0;
			defaultConfigurationName = Release;
		};
		352575FD26BD4829005AB816 /* Build configuration list for PBXNativeTarget "NES_EMU (iOS)" */ = {
			isa = XCConfigurationList;
			buildConfigurations = (
				352575FE26BD4829005AB816 /* Debug */,
				352575FF26BD4829005AB816 /* Release */,
			);
			defaultConfigurationIsVisible = 0;
			defaultConfigurationName = Release;
		};
		3525760026BD4829005AB816 /* Build configuration list for PBXNativeTarget "NES_EMU (macOS)" */ = {
			isa = XCConfigurationList;
			buildConfigurations = (
				3525760126BD4829005AB816 /* Debug */,
				3525760226BD4829005AB816 /* Release */,
			);
			defaultConfigurationIsVisible = 0;
			defaultConfigurationName = Release;
		};
/* End XCConfigurationList section */
	};
	rootObject = 352575DD26BD4827005AB816 /* Project object */;
}
